
Microsoft Visual Studio Solution File, Format Version 12.00
# Visual Studio Version 16
VisualStudioVersion = 16.0.31624.102
MinimumVisualStudioVersion = 10.0.40219.1
Project("{9A19103F-16F7-4668-BE54-9A1E7A4F7556}") = "OrderProcessingApplication", "OrderProcessingApplication.csproj", "{89384D55-82C5-48F7-BA17-B537057F2002}"
EndProject
Project("{FAE04EC0-301F-11D3-BF4B-00C04F79EFBC}") = "OPA.Model", "..\OPA.Model\OPA.Model.csproj", "{BF74E1FE-E38C-4FBB-861A-8CBDC1C0A90A}"
EndProject
Project("{FAE04EC0-301F-11D3-BF4B-00C04F79EFBC}") = "OPA.Tests", "..\OPA.Tests\OPA.Tests.csproj", "{18CE8177-7690-4A2E-91B1-C642545E6596}"
EndProject
Project("{FAE04EC0-301F-11D3-BF4B-00C04F79EFBC}") = "OPA.Factory", "..\OPA.Factory\OPA.Factory.csproj", "{5D49E8D9-14B6-44E8-AF72-AF916DBD6D8E}"
EndProject
Project("{FAE04EC0-301F-11D3-BF4B-00C04F79EFBC}") = "OPA.Business", "..\OPA.Business\OPA.Business.csproj", "{A4F24D46-9EF6-4D08-9978-471F7BE85012}"
EndProject
Project("{FAE04EC0-301F-11D3-BF4B-00C04F79EFBC}") = "OPA.Abstraction", "..\OPA.Abstraction\OPA.Abstraction.csproj", "{F42BF619-817E-4991-AF93-FC6EA1881410}"
EndProject
Project("{FAE04EC0-301F-11D3-BF4B-00C04F79EFBC}") = "OPA.API", "..\OPA.API\OPA.API.csproj", "{9D4E3B24-8059-48E4-94AC-2D090A6F6DCD}"
EndProject
Global
	GlobalSection(SolutionConfigurationPlatforms) = preSolution
		Debug|Any CPU = Debug|Any CPU
		Release|Any CPU = Release|Any CPU
	EndGlobalSection
	GlobalSection(ProjectConfigurationPlatforms) = postSolution
		{89384D55-82C5-48F7-BA17-B537057F2002}.Debug|Any CPU.ActiveCfg = Debug|Any CPU
		{89384D55-82C5-48F7-BA17-B537057F2002}.Debug|Any CPU.Build.0 = Debug|Any CPU
		{89384D55-82C5-48F7-BA17-B537057F2002}.Release|Any CPU.ActiveCfg = Release|Any CPU
		{89384D55-82C5-48F7-BA17-B537057F2002}.Release|Any CPU.Build.0 = Release|Any CPU
		{BF74E1FE-E38C-4FBB-861A-8CBDC1C0A90A}.Debug|Any CPU.ActiveCfg = Debug|Any CPU
		{BF74E1FE-E38C-4FBB-861A-8CBDC1C0A90A}.Debug|Any CPU.Build.0 = Debug|Any CPU
		{BF74E1FE-E38C-4FBB-861A-8CBDC1C0A90A}.Release|Any CPU.ActiveCfg = Release|Any CPU
		{BF74E1FE-E38C-4FBB-861A-8CBDC1C0A90A}.Release|Any CPU.Build.0 = Release|Any CPU
		{18CE8177-7690-4A2E-91B1-C642545E6596}.Debug|Any CPU.ActiveCfg = Debug|Any CPU
		{18CE8177-7690-4A2E-91B1-C642545E6596}.Debug|Any CPU.Build.0 = Debug|Any CPU
		{18CE8177-7690-4A2E-91B1-C642545E6596}.Release|Any CPU.ActiveCfg = Release|Any CPU
		{18CE8177-7690-4A2E-91B1-C642545E6596}.Release|Any CPU.Build.0 = Release|Any CPU
		{5D49E8D9-14B6-44E8-AF72-AF916DBD6D8E}.Debug|Any CPU.ActiveCfg = Debug|Any CPU
		{5D49E8D9-14B6-44E8-AF72-AF916DBD6D8E}.Debug|Any CPU.Build.0 = Debug|Any CPU
		{5D49E8D9-14B6-44E8-AF72-AF916DBD6D8E}.Release|Any CPU.ActiveCfg = Release|Any CPU
		{5D49E8D9-14B6-44E8-AF72-AF916DBD6D8E}.Release|Any CPU.Build.0 = Release|Any CPU
		{A4F24D46-9EF6-4D08-9978-471F7BE85012}.Debug|Any CPU.ActiveCfg = Debug|Any CPU
		{A4F24D46-9EF6-4D08-9978-471F7BE85012}.Debug|Any CPU.Build.0 = Debug|Any CPU
		{A4F24D46-9EF6-4D08-9978-471F7BE85012}.Release|Any CPU.ActiveCfg = Release|Any CPU
		{A4F24D46-9EF6-4D08-9978-471F7BE85012}.Release|Any CPU.Build.0 = Release|Any CPU
		{F42BF619-817E-4991-AF93-FC6EA1881410}.Debug|Any CPU.ActiveCfg = Debug|Any CPU
		{F42BF619-817E-4991-AF93-FC6EA1881410}.Debug|Any CPU.Build.0 = Debug|Any CPU
		{F42BF619-817E-4991-AF93-FC6EA1881410}.Release|Any CPU.ActiveCfg = Release|Any CPU
		{F42BF619-817E-4991-AF93-FC6EA1881410}.Release|Any CPU.Build.0 = Release|Any CPU
		{9D4E3B24-8059-48E4-94AC-2D090A6F6DCD}.Debug|Any CPU.ActiveCfg = Debug|Any CPU
		{9D4E3B24-8059-48E4-94AC-2D090A6F6DCD}.Debug|Any CPU.Build.0 = Debug|Any CPU
		{9D4E3B24-8059-48E4-94AC-2D090A6F6DCD}.Release|Any CPU.ActiveCfg = Release|Any CPU
		{9D4E3B24-8059-48E4-94AC-2D090A6F6DCD}.Release|Any CPU.Build.0 = Release|Any CPU
	EndGlobalSection
	GlobalSection(SolutionProperties) = preSolution
		HideSolutionNode = FALSE
	EndGlobalSection
	GlobalSection(ExtensibilityGlobals) = postSolution
		SolutionGuid = {71FB2182-73EC-471A-87B8-E06C35951437}
	EndGlobalSection
EndGlobal
